// !$*UTF8*$!
{
	archiveVersion = 1;
	classes = {
	};
	objectVersion = 46;
	objects = {

/* Begin PBXBuildFile section */
		4ACCC9131C4D87DA00CDC4E5 /* main.m in Sources */ = {isa = PBXBuildFile; fileRef = 4ACCC9121C4D87DA00CDC4E5 /* main.m */; };
		4ACCC9161C4D87DA00CDC4E5 /* AppDelegate.m in Sources */ = {isa = PBXBuildFile; fileRef = 4ACCC9151C4D87DA00CDC4E5 /* AppDelegate.m */; };
		4ACCC91C1C4D87DA00CDC4E5 /* Main.storyboard in Resources */ = {isa = PBXBuildFile; fileRef = 4ACCC91A1C4D87DA00CDC4E5 /* Main.storyboard */; };
		4ACCC91E1C4D87DA00CDC4E5 /* Assets.xcassets in Resources */ = {isa = PBXBuildFile; fileRef = 4ACCC91D1C4D87DA00CDC4E5 /* Assets.xcassets */; };
		4ACCC9211C4D87DA00CDC4E5 /* LaunchScreen.storyboard in Resources */ = {isa = PBXBuildFile; fileRef = 4ACCC91F1C4D87DA00CDC4E5 /* LaunchScreen.storyboard */; };
		4ACCC92A1C4D87FA00CDC4E5 /* RootViewController.m in Sources */ = {isa = PBXBuildFile; fileRef = 4ACCC9291C4D87FA00CDC4E5 /* RootViewController.m */; };
/* End PBXBuildFile section */

/* Begin PBXFileReference section */
		4ACCC90E1C4D87DA00CDC4E5 /* Deprocrastinator.app */ = {isa = PBXFileReference; explicitFileType = wrapper.application; includeInIndex = 0; path = Deprocrastinator.app; sourceTree = BUILT_PRODUCTS_DIR; };
		4ACCC9121C4D87DA00CDC4E5 /* main.m */ = {isa = PBXFileReference; lastKnownFileType = sourcecode.c.objc; path = main.m; sourceTree = "<group>"; };
		4ACCC9141C4D87DA00CDC4E5 /* AppDelegate.h */ = {isa = PBXFileReference; lastKnownFileType = sourcecode.c.h; path = AppDelegate.h; sourceTree = "<group>"; };
		4ACCC9151C4D87DA00CDC4E5 /* AppDelegate.m */ = {isa = PBXFileReference; lastKnownFileType = sourcecode.c.objc; path = AppDelegate.m; sourceTree = "<group>"; };
		4ACCC91B1C4D87DA00CDC4E5 /* Base */ = {isa = PBXFileReference; lastKnownFileType = file.storyboard; name = Base; path = Base.lproj/Main.storyboard; sourceTree = "<group>"; };
		4ACCC91D1C4D87DA00CDC4E5 /* Assets.xcassets */ = {isa = PBXFileReference; lastKnownFileType = folder.assetcatalog; path = Assets.xcassets; sourceTree = "<group>"; };
		4ACCC9201C4D87DA00CDC4E5 /* Base */ = {isa = PBXFileReference; lastKnownFileType = file.storyboard; name = Base; path = Base.lproj/LaunchScreen.storyboard; sourceTree = "<group>"; };
		4ACCC9221C4D87DA00CDC4E5 /* Info.plist */ = {isa = PBXFileReference; lastKnownFileType = text.plist.xml; path = Info.plist; sourceTree = "<group>"; };
		4ACCC9281C4D87FA00CDC4E5 /* RootViewController.h */ = {isa = PBXFileReference; fileEncoding = 4; lastKnownFileType = sourcecode.c.h; name = RootViewController.h; path = ../RootViewController.h; sourceTree = "<group>"; };
		4ACCC9291C4D87FA00CDC4E5 /* RootViewController.m */ = {isa = PBXFileReference; fileEncoding = 4; lastKnownFileType = sourcecode.c.objc; name = RootViewController.m; path = ../RootViewController.m; sourceTree = "<group>"; };
/* End PBXFileReference section */

/* Begin PBXFrameworksBuildPhase section */
		4ACCC90B1C4D87DA00CDC4E5 /* Frameworks */ = {
			isa = PBXFrameworksBuildPhase;
			buildActionMask = 2147483647;
			files = (
			);
			runOnlyForDeploymentPostprocessing = 0;
		};
/* End PBXFrameworksBuildPhase section */

/* Begin PBXGroup section */
		4ACCC9051C4D87DA00CDC4E5 = {
			isa = PBXGroup;
			children = (
				4ACCC9101C4D87DA00CDC4E5 /* Deprocrastinator */,
				4ACCC90F1C4D87DA00CDC4E5 /* Products */,
			);
			sourceTree = "<group>";
		};
		4ACCC90F1C4D87DA00CDC4E5 /* Products */ = {
			isa = PBXGroup;
			children = (
				4ACCC90E1C4D87DA00CDC4E5 /* Deprocrastinator.app */,
			);
			name = Products;
			sourceTree = "<group>";
		};
		4ACCC9101C4D87DA00CDC4E5 /* Deprocrastinator */ = {
			isa = PBXGroup;
			children = (
				4ACCC91A1C4D87DA00CDC4E5 /* Main.storyboard */,
				4ACCC9281C4D87FA00CDC4E5 /* RootViewController.h */,
				4ACCC9291C4D87FA00CDC4E5 /* RootViewController.m */,
				4ACCC91D1C4D87DA00CDC4E5 /* Assets.xcassets */,
				4ACCC91F1C4D87DA00CDC4E5 /* LaunchScreen.storyboard */,
				4ACCC9221C4D87DA00CDC4E5 /* Info.plist */,
				4ACCC9111C4D87DA00CDC4E5 /* Supporting Files */,
			);
			path = Deprocrastinator;
			sourceTree = "<group>";
		};
		4ACCC9111C4D87DA00CDC4E5 /* Supporting Files */ = {
			isa = PBXGroup;
			children = (
				4ACCC9141C4D87DA00CDC4E5 /* AppDelegate.h */,
				4ACCC9151C4D87DA00CDC4E5 /* AppDelegate.m */,
				4ACCC9121C4D87DA00CDC4E5 /* main.m */,
			);
			name = "Supporting Files";
			sourceTree = "<group>";
		};
/* End PBXGroup section */

/* Begin PBXNativeTarget section */
		4ACCC90D1C4D87DA00CDC4E5 /* Deprocrastinator */ = {
			isa = PBXNativeTarget;
			buildConfigurationList = 4ACCC9251C4D87DA00CDC4E5 /* Build configuration list for PBXNativeTarget "Deprocrastinator" */;
			buildPhases = (
				4ACCC90A1C4D87DA00CDC4E5 /* Sources */,
				4ACCC90B1C4D87DA00CDC4E5 /* Frameworks */,
				4ACCC90C1C4D87DA00CDC4E5 /* Resources */,
			);
			buildRules = (
			);
			dependencies = (
			);
			name = Deprocrastinator;
			productName = Deprocrastinator;
			productReference = 4ACCC90E1C4D87DA00CDC4E5 /* Deprocrastinator.app */;
			productType = "com.apple.product-type.application";
		};
/* End PBXNativeTarget section */

/* Begin PBXProject section */
		4ACCC9061C4D87DA00CDC4E5 /* Project object */ = {
			isa = PBXProject;
			attributes = {
				LastUpgradeCheck = 0720;
				ORGANIZATIONNAME = "Nicholas Naudé";
				TargetAttributes = {
					4ACCC90D1C4D87DA00CDC4E5 = {
						CreatedOnToolsVersion = 7.2;
						DevelopmentTeam = 7PX37ZY9M9;
					};
				};
			};
			buildConfigurationList = 4ACCC9091C4D87DA00CDC4E5 /* Build configuration list for PBXProject "Deprocrastinator" */;
			compatibilityVersion = "Xcode 3.2";
			developmentRegion = English;
			hasScannedForEncodings = 0;
			knownRegions = (
				en,
				Base,
			);
			mainGroup = 4ACCC9051C4D87DA00CDC4E5;
			productRefGroup = 4ACCC90F1C4D87DA00CDC4E5 /* Products */;
			projectDirPath = "";
			projectRoot = "";
			targets = (
				4ACCC90D1C4D87DA00CDC4E5 /* Deprocrastinator */,
			);
		};
/* End PBXProject section */

/* Begin PBXResourcesBuildPhase section */
		4ACCC90C1C4D87DA00CDC4E5 /* Resources */ = {
			isa = PBXResourcesBuildPhase;
			buildActionMask = 2147483647;
			files = (
				4ACCC9211C4D87DA00CDC4E5 /* LaunchScreen.storyboard in Resources */,
				4ACCC91E1C4D87DA00CDC4E5 /* Assets.xcassets in Resources */,
				4ACCC91C1C4D87DA00CDC4E5 /* Main.storyboard in Resources */,
			);
			runOnlyForDeploymentPostprocessing = 0;
		};
/* End PBXResourcesBuildPhase section */

/* Begin PBXSourcesBuildPhase section */
		4ACCC90A1C4D87DA00CDC4E5 /* Sources */ = {
			isa = PBXSourcesBuildPhase;
			buildActionMask = 2147483647;
			files = (
				4ACCC9161C4D87DA00CDC4E5 /* AppDelegate.m in Sources */,
				4ACCC9131C4D87DA00CDC4E5 /* main.m in Sources */,
				4ACCC92A1C4D87FA00CDC4E5 /* RootViewController.m in Sources */,
			);
			runOnlyForDeploymentPostprocessing = 0;
		};
/* End PBXSourcesBuildPhase section */

/* Begin PBXVariantGroup section */
		4ACCC91A1C4D87DA00CDC4E5 /* Main.storyboard */ = {
			isa = PBXVariantGroup;
			children = (
				4ACCC91B1C4D87DA00CDC4E5 /* Base */,
			);
			name = Main.storyboard;
			sourceTree = "<group>";
		};
		4ACCC91F1C4D87DA00CDC4E5 /* LaunchScreen.storyboard */ = {
			isa = PBXVariantGroup;
			children = (
				4ACCC9201C4D87DA00CDC4E5 /* Base */,
			);
			name = LaunchScreen.storyboard;
			sourceTree = "<group>";
		};
/* End PBXVariantGroup section */

/* Begin XCBuildConfiguration section */
		4ACCC9231C4D87DA00CDC4E5 /* Debug */ = {
			isa = XCBuildConfiguration;
			buildSettings = {
				ALWAYS_SEARCH_USER_PATHS = NO;
				CLANG_CXX_LANGUAGE_STANDARD = "gnu++0x";
				CLANG_CXX_LIBRARY = "libc++";
				CLANG_ENABLE_MODULES = YES;
				CLANG_ENABLE_OBJC_ARC = YES;
				CLANG_WARN_BOOL_CONVERSION = YES;
				CLANG_WARN_CONSTANT_CONVERSION = YES;
				CLANG_WARN_DIRECT_OBJC_ISA_USAGE = YES_ERROR;
				CLANG_WARN_EMPTY_BODY = YES;
				CLANG_WARN_ENUM_CONVERSION = YES;
				CLANG_WARN_INT_CONVERSION = YES;
				CLANG_WARN_OBJC_ROOT_CLASS = YES_ERROR;
				CLANG_WARN_UNREACHABLE_CODE = YES;
				CLANG_WARN__DUPLICATE_METHOD_MATCH = YES;
				"CODE_SIGN_IDENTITY[sdk=iphoneos*]" = "iPhone Developer";
				COPY_PHASE_STRIP = NO;
				DEBUG_INFORMATION_FORMAT = dwarf;
				ENABLE_STRICT_OBJC_MSGSEND = YES;
				ENABLE_TESTABILITY = YES;
				GCC_C_LANGUAGE_STANDARD = gnu99;
				GCC_DYNAMIC_NO_PIC = NO;
				GCC_NO_COMMON_BLOCKS = YES;
				GCC_OPTIMIZATION_LEVEL = 0;
				GCC_PREPROCESSOR_DEFINITIONS = (
					"DEBUG=1",
					"$(inherited)",
				);
				GCC_WARN_64_TO_32_BIT_CONVERSION = YES;
				GCC_WARN_ABOUT_RETURN_TYPE = YES_ERROR;
				GCC_WARN_UNDECLARED_SELECTOR = YES;
				GCC_WARN_UNINITIALIZED_AUTOS = YES_AGGRESSIVE;
				GCC_WARN_UNUSED_FUNCTION = YES;
				GCC_WARN_UNUSED_VARIABLE = YES;
				IPHONEOS_DEPLOYMENT_TARGET = 9.2;
				MTL_ENABLE_DEBUG_INFO = YES;
				ONLY_ACTIVE_ARCH = YES;
				SDKROOT = iphoneos;
			};
			name = Debug;
		};
		4ACCC9241C4D87DA00CDC4E5 /* Release */ = {
			isa = XCBuildConfiguration;
			buildSettings = {
				ALWAYS_SEARCH_USER_PATHS = NO;
				CLANG_CXX_LANGUAGE_STANDARD = "gnu++0x";
				CLANG_CXX_LIBRARY = "libc++";
				CLANG_ENABLE_MODULES = YES;
				CLANG_ENABLE_OBJC_ARC = YES;
				CLANG_WARN_BOOL_CONVERSION = YES;
				CLANG_WARN_CONSTANT_CONVERSION = YES;
				CLANG_WARN_DIRECT_OBJC_ISA_USAGE = YES_ERROR;
				CLANG_WARN_EMPTY_BODY = YES;
				CLANG_WARN_ENUM_CONVERSION = YES;
				CLANG_WARN_INT_CONVERSION = YES;
				CLANG_WARN_OBJC_ROOT_CLASS = YES_ERROR;
				CLANG_WARN_UNREACHABLE_CODE = YES;
				CLANG_WARN__DUPLICATE_METHOD_MATCH = YES;
				"CODE_SIGN_IDENTITY[sdk=iphoneos*]" = "iPhone Developer";
				COPY_PHASE_STRIP = NO;
				DEBUG_INFORMATION_FORMAT = "dwarf-with-dsym";
				ENABLE_NS_ASSERTIONS = NO;
				ENABLE_STRICT_OBJC_MSGSEND = YES;
				GCC_C_LANGUAGE_STANDARD = gnu99;
				GCC_NO_COMMON_BLOCKS = YES;
				GCC_WARN_64_TO_32_BIT_CONVERSION = YES;
				GCC_WARN_ABOUT_RETURN_TYPE = YES_ERROR;
				GCC_WARN_UNDECLARED_SELECTOR = YES;
				GCC_WARN_UNINITIALIZED_AUTOS = YES_AGGRESSIVE;
				GCC_WARN_UNUSED_FUNCTION = YES;
				GCC_WARN_UNUSED_VARIABLE = YES;
				IPHONEOS_DEPLOYMENT_TARGET = 9.2;
				MTL_ENABLE_DEBUG_INFO = NO;
				SDKROOT = iphoneos;
				VALIDATE_PRODUCT = YES;
			};
			name = Release;
		};
		4ACCC9261C4D87DA00CDC4E5 /* Debug */ = {
			isa = XCBuildConfiguration;
			buildSettings = {
				ASSETCATALOG_COMPILER_APPICON_NAME = AppIcon;
				INFOPLIST_FILE = Deprocrastinator/Info.plist;
				LD_RUNPATH_SEARCH_PATHS = "$(inherited) @executable_path/Frameworks";
				PRODUCT_BUNDLE_IDENTIFIER = com.nicholasnaude.Deprocrastinator;
				PRODUCT_NAME = "$(TARGET_NAME)";
			};
			name = Debug;
		};
		4ACCC9271C4D87DA00CDC4E5 /* Release */ = {
			isa = XCBuildConfiguration;
			buildSettings = {
				ASSETCATALOG_COMPILER_APPICON_NAME = AppIcon;
				INFOPLIST_FILE = Deprocrastinator/Info.plist;
				LD_RUNPATH_SEARCH_PATHS = "$(inherited) @executable_path/Frameworks";
				PRODUCT_BUNDLE_IDENTIFIER = com.nicholasnaude.Deprocrastinator;
				PRODUCT_NAME = "$(TARGET_NAME)";
			};
			name = Release;
		};
/* End XCBuildConfiguration section */

/* Begin XCConfigurationList section */
		4ACCC9091C4D87DA00CDC4E5 /* Build configuration list for PBXProject "Deprocrastinator" */ = {
			isa = XCConfigurationList;
			buildConfigurations = (
				4ACCC9231C4D87DA00CDC4E5 /* Debug */,
				4ACCC9241C4D87DA00CDC4E5 /* Release */,
			);
			defaultConfigurationIsVisible = 0;
			defaultConfigurationName = Release;
		};
		4ACCC9251C4D87DA00CDC4E5 /* Build configuration list for PBXNativeTarget "Deprocrastinator" */ = {
			isa = XCConfigurationList;
			buildConfigurations = (
				4ACCC9261C4D87DA00CDC4E5 /* Debug */,
				4ACCC9271C4D87DA00CDC4E5 /* Release */,
			);
			defaultConfigurationIsVisible = 0;
		};
/* End XCConfigurationList section */
	};
	rootObject = 4ACCC9061C4D87DA00CDC4E5 /* Project object */;
}
